
Microsoft Visual Studio Solution File, Format Version 12.00
# Visual Studio Version 17
VisualStudioVersion = 17.13.35806.99 d17.13
MinimumVisualStudioVersion = 10.0.40219.1
Project("{FAE04EC0-301F-11D3-BF4B-00C04F79EFBC}") = "Microservice.Claims", "Microservice.Claims\Microservice.Claims.csproj", "{9AB1E59E-51B3-4507-B550-A0AF5DB30AA2}"
EndProject
Global
	GlobalSection(SolutionConfigurationPlatforms) = preSolution
		Debug|Any CPU = Debug|Any CPU
		Release|Any CPU = Release|Any CPU
	EndGlobalSection
	GlobalSection(ProjectConfigurationPlatforms) = postSolution
		{9AB1E59E-51B3-4507-B550-A0AF5DB30AA2}.Debug|Any CPU.ActiveCfg = Debug|Any CPU
		{9AB1E59E-51B3-4507-B550-A0AF5DB30AA2}.Debug|Any CPU.Build.0 = Debug|Any CPU
		{9AB1E59E-51B3-4507-B550-A0AF5DB30AA2}.Release|Any CPU.ActiveCfg = Release|Any CPU
		{9AB1E59E-51B3-4507-B550-A0AF5DB30AA2}.Release|Any CPU.Build.0 = Release|Any CPU
	EndGlobalSection
	GlobalSection(SolutionProperties) = preSolution
		HideSolutionNode = FALSE
	EndGlobalSection
	GlobalSection(ExtensibilityGlobals) = postSolution
		SolutionGuid = {45813C11-199A-4F77-AE9D-BE7889A8F176}
	EndGlobalSection
EndGlobal
